
Microsoft Visual Studio Solution File, Format Version 12.00
# Visual Studio Version 16
VisualStudioVersion = 16.0.30611.23
MinimumVisualStudioVersion = 10.0.40219.1
Project("{FAE04EC0-301F-11D3-BF4B-00C04F79EFBC}") = "SkypeAutomation", "SkypeAutomation.csproj", "{676B79D1-6792-4EE5-A880-26E58275A4D7}"
EndProject
Project("{FAE04EC0-301F-11D3-BF4B-00C04F79EFBC}") = "P2P", "..\P2P\P2P.csproj", "{CDD43DDF-67CB-4896-AAD1-62F9DE046CBA}"
EndProject
Project("{FAE04EC0-301F-11D3-BF4B-00C04F79EFBC}") = "GroupWithoutName", "..\GroupThruChatWithoutName\GroupWithoutName.csproj", "{5D5041FF-3198-4ED5-813C-BF565C24933E}"
EndProject
Global
	GlobalSection(SolutionConfigurationPlatforms) = preSolution
		Debug|Any CPU = Debug|Any CPU
		Release|Any CPU = Release|Any CPU
	EndGlobalSection
	GlobalSection(ProjectConfigurationPlatforms) = postSolution
		{676B79D1-6792-4EE5-A880-26E58275A4D7}.Debug|Any CPU.ActiveCfg = Debug|Any CPU
		{676B79D1-6792-4EE5-A880-26E58275A4D7}.Debug|Any CPU.Build.0 = Debug|Any CPU
		{676B79D1-6792-4EE5-A880-26E58275A4D7}.Release|Any CPU.ActiveCfg = Release|Any CPU
		{676B79D1-6792-4EE5-A880-26E58275A4D7}.Release|Any CPU.Build.0 = Release|Any CPU
		{CDD43DDF-67CB-4896-AAD1-62F9DE046CBA}.Debug|Any CPU.ActiveCfg = Debug|Any CPU
		{CDD43DDF-67CB-4896-AAD1-62F9DE046CBA}.Debug|Any CPU.Build.0 = Debug|Any CPU
		{CDD43DDF-67CB-4896-AAD1-62F9DE046CBA}.Release|Any CPU.ActiveCfg = Release|Any CPU
		{CDD43DDF-67CB-4896-AAD1-62F9DE046CBA}.Release|Any CPU.Build.0 = Release|Any CPU
		{5D5041FF-3198-4ED5-813C-BF565C24933E}.Debug|Any CPU.ActiveCfg = Debug|Any CPU
		{5D5041FF-3198-4ED5-813C-BF565C24933E}.Debug|Any CPU.Build.0 = Debug|Any CPU
		{5D5041FF-3198-4ED5-813C-BF565C24933E}.Release|Any CPU.ActiveCfg = Release|Any CPU
		{5D5041FF-3198-4ED5-813C-BF565C24933E}.Release|Any CPU.Build.0 = Release|Any CPU
	EndGlobalSection
	GlobalSection(SolutionProperties) = preSolution
		HideSolutionNode = FALSE
	EndGlobalSection
	GlobalSection(ExtensibilityGlobals) = postSolution
		SolutionGuid = {7426FCCA-F493-4AE2-81AA-6A2AA7DE797F}
	EndGlobalSection
EndGlobal
